
Microsoft Visual Studio Solution File, Format Version 12.00
# Visual Studio Version 17
VisualStudioVersion = 17.3.32922.545
MinimumVisualStudioVersion = 10.0.40219.1
Project("{FAE04EC0-301F-11D3-BF4B-00C04F79EFBC}") = "ForumApp", "ForumApp\ForumApp.csproj", "{37272A20-F5EC-43E2-A7B3-519ED0D8016F}"
EndProject
Global
	GlobalSection(SolutionConfigurationPlatforms) = preSolution
		Debug|Any CPU = Debug|Any CPU
		Release|Any CPU = Release|Any CPU
	EndGlobalSection
	GlobalSection(ProjectConfigurationPlatforms) = postSolution
		{37272A20-F5EC-43E2-A7B3-519ED0D8016F}.Debug|Any CPU.ActiveCfg = Debug|Any CPU
		{37272A20-F5EC-43E2-A7B3-519ED0D8016F}.Debug|Any CPU.Build.0 = Debug|Any CPU
		{37272A20-F5EC-43E2-A7B3-519ED0D8016F}.Release|Any CPU.ActiveCfg = Release|Any CPU
		{37272A20-F5EC-43E2-A7B3-519ED0D8016F}.Release|Any CPU.Build.0 = Release|Any CPU
	EndGlobalSection
	GlobalSection(SolutionProperties) = preSolution
		HideSolutionNode = FALSE
	EndGlobalSection
	GlobalSection(ExtensibilityGlobals) = postSolution
		SolutionGuid = {269BB5D6-06AC-489E-BC77-5BEC8FD9DE1C}
	EndGlobalSection
EndGlobal
